
Microsoft Visual Studio Solution File, Format Version 12.00
# Visual Studio Version 16
VisualStudioVersion = 16.0.30104.148
MinimumVisualStudioVersion = 10.0.40219.1
Project("{9092AA53-FB77-4645-B42D-1CCCA6BD08BD}") = "NodejsWebApp1", "NodejsWebApp1.njsproj", "{CBC0E5FC-4B3C-490C-962B-23D6719D033E}"
EndProject
Global
	GlobalSection(SolutionConfigurationPlatforms) = preSolution
		Debug|Any CPU = Debug|Any CPU
		Release|Any CPU = Release|Any CPU
	EndGlobalSection
	GlobalSection(ProjectConfigurationPlatforms) = postSolution
		{CBC0E5FC-4B3C-490C-962B-23D6719D033E}.Debug|Any CPU.ActiveCfg = Debug|Any CPU
		{CBC0E5FC-4B3C-490C-962B-23D6719D033E}.Debug|Any CPU.Build.0 = Debug|Any CPU
		{CBC0E5FC-4B3C-490C-962B-23D6719D033E}.Release|Any CPU.ActiveCfg = Release|Any CPU
		{CBC0E5FC-4B3C-490C-962B-23D6719D033E}.Release|Any CPU.Build.0 = Release|Any CPU
	EndGlobalSection
	GlobalSection(SolutionProperties) = preSolution
		HideSolutionNode = FALSE
	EndGlobalSection
	GlobalSection(ExtensibilityGlobals) = postSolution
		SolutionGuid = {86CB0229-CDC8-40B6-9082-59A31DB47145}
	EndGlobalSection
EndGlobal
